dependencies:
- name: attribute-provider
  repository: file://../attribute_provider
  version: 0.0.4
- name: kas
  repository: file://../kas
  version: 1.0.0
- name: eas
  repository: file://../eas
  version: 1.0.0
- name: keycloak-bootstrap
  repository: file://../keycloak_bootstrap
  version: 0.1.6
- name: attributes
  repository: file://../attributes
  version: 1.0.0
- name: entitlement
  repository: file://../entitlement
  version: 1.0.0
- name: tdf-storage
  repository: file://../remote_payload
  version: 1.0.0
digest: sha256:6e3bc9162061b155969748860555c1597b14c91605a233cf64ec2518e70db064
generated: "2021-12-02T11:39:31.04369-05:00"
